
Microsoft Visual Studio Solution File, Format Version 12.00
# Visual Studio 15
VisualStudioVersion = 15.0.27703.2042
MinimumVisualStudioVersion = 10.0.40219.1
Project("{FAE04EC0-301F-11D3-BF4B-00C04F79EFBC}") = "meuProjeto", "meuProjeto\meuProjeto.csproj", "{D507D80B-44CF-43B3-A356-AF8D709FB92C}"
EndProject
Global
	GlobalSection(SolutionConfigurationPlatforms) = preSolution
		Debug|Any CPU = Debug|Any CPU
		Release|Any CPU = Release|Any CPU
	EndGlobalSection
	GlobalSection(ProjectConfigurationPlatforms) = postSolution
		{D507D80B-44CF-43B3-A356-AF8D709FB92C}.Debug|Any CPU.ActiveCfg = Debug|Any CPU
		{D507D80B-44CF-43B3-A356-AF8D709FB92C}.Debug|Any CPU.Build.0 = Debug|Any CPU
		{D507D80B-44CF-43B3-A356-AF8D709FB92C}.Release|Any CPU.ActiveCfg = Release|Any CPU
		{D507D80B-44CF-43B3-A356-AF8D709FB92C}.Release|Any CPU.Build.0 = Release|Any CPU
	EndGlobalSection
	GlobalSection(SolutionProperties) = preSolution
		HideSolutionNode = FALSE
	EndGlobalSection
	GlobalSection(ExtensibilityGlobals) = postSolution
		SolutionGuid = {2CBD02A5-B460-46FB-A572-551A6FE19B2B}
	EndGlobalSection
EndGlobal
